
Microsoft Visual Studio Solution File, Format Version 12.00
# Visual Studio Version 17
VisualStudioVersion = 17.14.36408.4
MinimumVisualStudioVersion = 10.0.40219.1
Project("{FAE04EC0-301F-11D3-BF4B-00C04F79EFBC}") = "MediLabo.Web", "MediLabo.Web\MediLabo.Web.csproj", "{595ACEA2-ACCE-4F7F-A80F-927A105099C6}"
EndProject
Project("{FAE04EC0-301F-11D3-BF4B-00C04F79EFBC}") = "MediLabo.Gateway", "MediLabo.Gateway\MediLabo.Gateway.csproj", "{01FB02DC-F4B5-5934-12D3-C1EE180C6C6E}"
EndProject
Project("{FAE04EC0-301F-11D3-BF4B-00C04F79EFBC}") = "MediLabo.Patients.API", "MediLabo.Patients.API\MediLabo.Patients.API.csproj", "{E082F140-B727-A953-0642-A14492F450FD}"
EndProject
Project("{2150E333-8FDC-42A3-9474-1A3956D46DE8}") = "src", "src", "{05C76FC6-1F6A-4B01-BB66-26593E538EF7}"
EndProject
Project("{2150E333-8FDC-42A3-9474-1A3956D46DE8}") = "tests", "tests", "{02EA681E-C7D8-13C7-8484-4AC65E1B71E8}"
EndProject
Project("{FAE04EC0-301F-11D3-BF4B-00C04F79EFBC}") = "MediLabo.Patients.Tests", "MediLabo.Patients.Tests\MediLabo.Patients.Tests.csproj", "{7DD00708-740A-4A73-B986-0917EA4E5B88}"
	ProjectSection(ProjectDependencies) = postProject
		{E082F140-B727-A953-0642-A14492F450FD} = {E082F140-B727-A953-0642-A14492F450FD}
	EndProjectSection
EndProject
Project("{FAE04EC0-301F-11D3-BF4B-00C04F79EFBC}") = "MediLabo.Identity.API", "MediLabo.Identity.API\MediLabo.Identity.API.csproj", "{97FADA27-2F93-4322-96A1-399BE2B98C05}"
EndProject
Project("{FAE04EC0-301F-11D3-BF4B-00C04F79EFBC}") = "MediLabo.Identity.Tests", "MediLabo.Identity.Tests\MediLabo.Identity.Tests.csproj", "{A13E4C95-E4A2-4539-8BDE-9A9FC1F2CA51}"
	ProjectSection(ProjectDependencies) = postProject
		{97FADA27-2F93-4322-96A1-399BE2B98C05} = {97FADA27-2F93-4322-96A1-399BE2B98C05}
	EndProjectSection
EndProject
Project("{FAE04EC0-301F-11D3-BF4B-00C04F79EFBC}") = "MediLabo.Common", "MediLabo.Common\MediLabo.Common.csproj", "{670EEB83-27C6-4B34-8DEC-724826607DE6}"
EndProject
Project("{FAE04EC0-301F-11D3-BF4B-00C04F79EFBC}") = "MediLabo.Web.Tests", "MediLabo.Web.Tests\MediLabo.Web.Tests.csproj", "{07A7700B-CBB3-4C55-880C-BE2B6079870E}"
EndProject
Project("{FAE04EC0-301F-11D3-BF4B-00C04F79EFBC}") = "MediLabo.Notes.API", "MediLabo.Notes.API\MediLabo.Notes.API.csproj", "{C7EC85F1-5673-45A5-8DC0-1A3E1EB235D2}"
EndProject
Project("{FAE04EC0-301F-11D3-BF4B-00C04F79EFBC}") = "MediLabo.Notes.Tests", "MediLabo.Notes.Tests\MediLabo.Notes.Tests.csproj", "{B814D076-07F9-4F79-A634-130E9BE2C51E}"
EndProject
Project("{FAE04EC0-301F-11D3-BF4B-00C04F79EFBC}") = "MediLabo.Assessments.Tests", "MediLabo.Assessments.Tests\MediLabo.Assessments.Tests.csproj", "{EB86C3BC-EC2B-4E68-981E-3E849D953D58}"
	ProjectSection(ProjectDependencies) = postProject
		{BA22A4C3-184B-4184-9D2E-9B22DDFA507E} = {BA22A4C3-184B-4184-9D2E-9B22DDFA507E}
	EndProjectSection
EndProject
Project("{FAE04EC0-301F-11D3-BF4B-00C04F79EFBC}") = "MediLabo.Assessments.API", "MediLabo.Assessments.API\MediLabo.Assessments.API.csproj", "{BA22A4C3-184B-4184-9D2E-9B22DDFA507E}"
EndProject
Global
	GlobalSection(SolutionConfigurationPlatforms) = preSolution
		Debug|Any CPU = Debug|Any CPU
		Release|Any CPU = Release|Any CPU
	EndGlobalSection
	GlobalSection(ProjectConfigurationPlatforms) = postSolution
		{595ACEA2-ACCE-4F7F-A80F-927A105099C6}.Debug|Any CPU.ActiveCfg = Debug|Any CPU
		{595ACEA2-ACCE-4F7F-A80F-927A105099C6}.Debug|Any CPU.Build.0 = Debug|Any CPU
		{595ACEA2-ACCE-4F7F-A80F-927A105099C6}.Release|Any CPU.ActiveCfg = Release|Any CPU
		{595ACEA2-ACCE-4F7F-A80F-927A105099C6}.Release|Any CPU.Build.0 = Release|Any CPU
		{01FB02DC-F4B5-5934-12D3-C1EE180C6C6E}.Debug|Any CPU.ActiveCfg = Debug|Any CPU
		{01FB02DC-F4B5-5934-12D3-C1EE180C6C6E}.Debug|Any CPU.Build.0 = Debug|Any CPU
		{01FB02DC-F4B5-5934-12D3-C1EE180C6C6E}.Release|Any CPU.ActiveCfg = Release|Any CPU
		{01FB02DC-F4B5-5934-12D3-C1EE180C6C6E}.Release|Any CPU.Build.0 = Release|Any CPU
		{E082F140-B727-A953-0642-A14492F450FD}.Debug|Any CPU.ActiveCfg = Debug|Any CPU
		{E082F140-B727-A953-0642-A14492F450FD}.Debug|Any CPU.Build.0 = Debug|Any CPU
		{E082F140-B727-A953-0642-A14492F450FD}.Release|Any CPU.ActiveCfg = Release|Any CPU
		{E082F140-B727-A953-0642-A14492F450FD}.Release|Any CPU.Build.0 = Release|Any CPU
		{7DD00708-740A-4A73-B986-0917EA4E5B88}.Debug|Any CPU.ActiveCfg = Debug|Any CPU
		{7DD00708-740A-4A73-B986-0917EA4E5B88}.Debug|Any CPU.Build.0 = Debug|Any CPU
		{7DD00708-740A-4A73-B986-0917EA4E5B88}.Release|Any CPU.ActiveCfg = Release|Any CPU
		{7DD00708-740A-4A73-B986-0917EA4E5B88}.Release|Any CPU.Build.0 = Release|Any CPU
		{97FADA27-2F93-4322-96A1-399BE2B98C05}.Debug|Any CPU.ActiveCfg = Debug|Any CPU
		{97FADA27-2F93-4322-96A1-399BE2B98C05}.Debug|Any CPU.Build.0 = Debug|Any CPU
		{97FADA27-2F93-4322-96A1-399BE2B98C05}.Release|Any CPU.ActiveCfg = Release|Any CPU
		{97FADA27-2F93-4322-96A1-399BE2B98C05}.Release|Any CPU.Build.0 = Release|Any CPU
		{A13E4C95-E4A2-4539-8BDE-9A9FC1F2CA51}.Debug|Any CPU.ActiveCfg = Debug|Any CPU
		{A13E4C95-E4A2-4539-8BDE-9A9FC1F2CA51}.Debug|Any CPU.Build.0 = Debug|Any CPU
		{A13E4C95-E4A2-4539-8BDE-9A9FC1F2CA51}.Release|Any CPU.ActiveCfg = Release|Any CPU
		{A13E4C95-E4A2-4539-8BDE-9A9FC1F2CA51}.Release|Any CPU.Build.0 = Release|Any CPU
		{670EEB83-27C6-4B34-8DEC-724826607DE6}.Debug|Any CPU.ActiveCfg = Debug|Any CPU
		{670EEB83-27C6-4B34-8DEC-724826607DE6}.Debug|Any CPU.Build.0 = Debug|Any CPU
		{670EEB83-27C6-4B34-8DEC-724826607DE6}.Release|Any CPU.ActiveCfg = Release|Any CPU
		{670EEB83-27C6-4B34-8DEC-724826607DE6}.Release|Any CPU.Build.0 = Release|Any CPU
		{07A7700B-CBB3-4C55-880C-BE2B6079870E}.Debug|Any CPU.ActiveCfg = Debug|Any CPU
		{07A7700B-CBB3-4C55-880C-BE2B6079870E}.Debug|Any CPU.Build.0 = Debug|Any CPU
		{07A7700B-CBB3-4C55-880C-BE2B6079870E}.Release|Any CPU.ActiveCfg = Release|Any CPU
		{07A7700B-CBB3-4C55-880C-BE2B6079870E}.Release|Any CPU.Build.0 = Release|Any CPU
		{C7EC85F1-5673-45A5-8DC0-1A3E1EB235D2}.Debug|Any CPU.ActiveCfg = Debug|Any CPU
		{C7EC85F1-5673-45A5-8DC0-1A3E1EB235D2}.Debug|Any CPU.Build.0 = Debug|Any CPU
		{C7EC85F1-5673-45A5-8DC0-1A3E1EB235D2}.Release|Any CPU.ActiveCfg = Release|Any CPU
		{C7EC85F1-5673-45A5-8DC0-1A3E1EB235D2}.Release|Any CPU.Build.0 = Release|Any CPU
		{B814D076-07F9-4F79-A634-130E9BE2C51E}.Debug|Any CPU.ActiveCfg = Debug|Any CPU
		{B814D076-07F9-4F79-A634-130E9BE2C51E}.Debug|Any CPU.Build.0 = Debug|Any CPU
		{B814D076-07F9-4F79-A634-130E9BE2C51E}.Release|Any CPU.ActiveCfg = Release|Any CPU
		{B814D076-07F9-4F79-A634-130E9BE2C51E}.Release|Any CPU.Build.0 = Release|Any CPU
		{EB86C3BC-EC2B-4E68-981E-3E849D953D58}.Debug|Any CPU.ActiveCfg = Debug|Any CPU
		{EB86C3BC-EC2B-4E68-981E-3E849D953D58}.Debug|Any CPU.Build.0 = Debug|Any CPU
		{EB86C3BC-EC2B-4E68-981E-3E849D953D58}.Release|Any CPU.ActiveCfg = Release|Any CPU
		{EB86C3BC-EC2B-4E68-981E-3E849D953D58}.Release|Any CPU.Build.0 = Release|Any CPU
		{BA22A4C3-184B-4184-9D2E-9B22DDFA507E}.Debug|Any CPU.ActiveCfg = Debug|Any CPU
		{BA22A4C3-184B-4184-9D2E-9B22DDFA507E}.Debug|Any CPU.Build.0 = Debug|Any CPU
		{BA22A4C3-184B-4184-9D2E-9B22DDFA507E}.Release|Any CPU.ActiveCfg = Release|Any CPU
		{BA22A4C3-184B-4184-9D2E-9B22DDFA507E}.Release|Any CPU.Build.0 = Release|Any CPU
	EndGlobalSection
	GlobalSection(SolutionProperties) = preSolution
		HideSolutionNode = FALSE
	EndGlobalSection
	GlobalSection(NestedProjects) = preSolution
		{595ACEA2-ACCE-4F7F-A80F-927A105099C6} = {05C76FC6-1F6A-4B01-BB66-26593E538EF7}
		{01FB02DC-F4B5-5934-12D3-C1EE180C6C6E} = {05C76FC6-1F6A-4B01-BB66-26593E538EF7}
		{E082F140-B727-A953-0642-A14492F450FD} = {05C76FC6-1F6A-4B01-BB66-26593E538EF7}
		{7DD00708-740A-4A73-B986-0917EA4E5B88} = {02EA681E-C7D8-13C7-8484-4AC65E1B71E8}
		{97FADA27-2F93-4322-96A1-399BE2B98C05} = {05C76FC6-1F6A-4B01-BB66-26593E538EF7}
		{A13E4C95-E4A2-4539-8BDE-9A9FC1F2CA51} = {02EA681E-C7D8-13C7-8484-4AC65E1B71E8}
		{670EEB83-27C6-4B34-8DEC-724826607DE6} = {05C76FC6-1F6A-4B01-BB66-26593E538EF7}
		{07A7700B-CBB3-4C55-880C-BE2B6079870E} = {02EA681E-C7D8-13C7-8484-4AC65E1B71E8}
		{C7EC85F1-5673-45A5-8DC0-1A3E1EB235D2} = {05C76FC6-1F6A-4B01-BB66-26593E538EF7}
		{B814D076-07F9-4F79-A634-130E9BE2C51E} = {02EA681E-C7D8-13C7-8484-4AC65E1B71E8}
		{EB86C3BC-EC2B-4E68-981E-3E849D953D58} = {02EA681E-C7D8-13C7-8484-4AC65E1B71E8}
		{BA22A4C3-184B-4184-9D2E-9B22DDFA507E} = {05C76FC6-1F6A-4B01-BB66-26593E538EF7}
	EndGlobalSection
	GlobalSection(ExtensibilityGlobals) = postSolution
		SolutionGuid = {5E6FBAF3-3246-4DAB-97C8-938314165AE4}
	EndGlobalSection
EndGlobal
