
Microsoft Visual Studio Solution File, Format Version 12.00
# Visual Studio Version 17
VisualStudioVersion = 17.14.36408.4
MinimumVisualStudioVersion = 10.0.40219.1
Project("{FAE04EC0-301F-11D3-BF4B-00C04F79EFBC}") = "MediLabo.Web", "MediLabo.Web\MediLabo.Web.csproj", "{595ACEA2-ACCE-4F7F-A80F-927A105099C6}"
EndProject
Project("{FAE04EC0-301F-11D3-BF4B-00C04F79EFBC}") = "MediLabo.Gateway", "MediLabo.Gateway\MediLabo.Gateway.csproj", "{01FB02DC-F4B5-5934-12D3-C1EE180C6C6E}"
EndProject
Project("{FAE04EC0-301F-11D3-BF4B-00C04F79EFBC}") = "MediLabo.Patients.API", "MediLabo.Patients.API\MediLabo.Patients.API.csproj", "{E082F140-B727-A953-0642-A14492F450FD}"
EndProject
Global
	GlobalSection(SolutionConfigurationPlatforms) = preSolution
		Debug|Any CPU = Debug|Any CPU
		Release|Any CPU = Release|Any CPU
	EndGlobalSection
	GlobalSection(ProjectConfigurationPlatforms) = postSolution
		{595ACEA2-ACCE-4F7F-A80F-927A105099C6}.Debug|Any CPU.ActiveCfg = Debug|Any CPU
		{595ACEA2-ACCE-4F7F-A80F-927A105099C6}.Debug|Any CPU.Build.0 = Debug|Any CPU
		{595ACEA2-ACCE-4F7F-A80F-927A105099C6}.Release|Any CPU.ActiveCfg = Release|Any CPU
		{595ACEA2-ACCE-4F7F-A80F-927A105099C6}.Release|Any CPU.Build.0 = Release|Any CPU
		{01FB02DC-F4B5-5934-12D3-C1EE180C6C6E}.Debug|Any CPU.ActiveCfg = Debug|Any CPU
		{01FB02DC-F4B5-5934-12D3-C1EE180C6C6E}.Debug|Any CPU.Build.0 = Debug|Any CPU
		{01FB02DC-F4B5-5934-12D3-C1EE180C6C6E}.Release|Any CPU.ActiveCfg = Release|Any CPU
		{01FB02DC-F4B5-5934-12D3-C1EE180C6C6E}.Release|Any CPU.Build.0 = Release|Any CPU
		{E082F140-B727-A953-0642-A14492F450FD}.Debug|Any CPU.ActiveCfg = Debug|Any CPU
		{E082F140-B727-A953-0642-A14492F450FD}.Debug|Any CPU.Build.0 = Debug|Any CPU
		{E082F140-B727-A953-0642-A14492F450FD}.Release|Any CPU.ActiveCfg = Release|Any CPU
		{E082F140-B727-A953-0642-A14492F450FD}.Release|Any CPU.Build.0 = Release|Any CPU
	EndGlobalSection
	GlobalSection(SolutionProperties) = preSolution
		HideSolutionNode = FALSE
	EndGlobalSection
	GlobalSection(ExtensibilityGlobals) = postSolution
		SolutionGuid = {5E6FBAF3-3246-4DAB-97C8-938314165AE4}
	EndGlobalSection
EndGlobal
